
Microsoft Visual Studio Solution File, Format Version 12.00
# Visual Studio Version 16
VisualStudioVersion = 16.0.32802.440
MinimumVisualStudioVersion = 10.0.40219.1
Project("{FAE04EC0-301F-11D3-BF4B-00C04F79EFBC}") = "GroupPanelAssignment", "GroupPanelAssignment\GroupPanelAssignment.csproj", "{F2CD9A32-ED64-405E-8C85-00E4D7A5D770}"
EndProject
Global
	GlobalSection(SolutionConfigurationPlatforms) = preSolution
		Debug|Any CPU = Debug|Any CPU
		Release|Any CPU = Release|Any CPU
	EndGlobalSection
	GlobalSection(ProjectConfigurationPlatforms) = postSolution
		{F2CD9A32-ED64-405E-8C85-00E4D7A5D770}.Debug|Any CPU.ActiveCfg = Debug|Any CPU
		{F2CD9A32-ED64-405E-8C85-00E4D7A5D770}.Debug|Any CPU.Build.0 = Debug|Any CPU
		{F2CD9A32-ED64-405E-8C85-00E4D7A5D770}.Release|Any CPU.ActiveCfg = Release|Any CPU
		{F2CD9A32-ED64-405E-8C85-00E4D7A5D770}.Release|Any CPU.Build.0 = Release|Any CPU
	EndGlobalSection
	GlobalSection(SolutionProperties) = preSolution
		HideSolutionNode = FALSE
	EndGlobalSection
	GlobalSection(ExtensibilityGlobals) = postSolution
		SolutionGuid = {7AD21F00-8C60-416E-BC24-9DA0A4C18C01}
	EndGlobalSection
EndGlobal
